
Microsoft Visual Studio Solution File, Format Version 12.00
# Visual Studio Version 17
VisualStudioVersion = 17.6.33815.320
MinimumVisualStudioVersion = 10.0.40219.1
Project("{FAE04EC0-301F-11D3-BF4B-00C04F79EFBC}") = "CafeStore", "CafeStore\CafeStore.csproj", "{3EC35AC0-3326-418A-83AC-519408A14AA7}"
EndProject
Global
	GlobalSection(SolutionConfigurationPlatforms) = preSolution
		Debug|Any CPU = Debug|Any CPU
		Release|Any CPU = Release|Any CPU
	EndGlobalSection
	GlobalSection(ProjectConfigurationPlatforms) = postSolution
		{3EC35AC0-3326-418A-83AC-519408A14AA7}.Debug|Any CPU.ActiveCfg = Debug|Any CPU
		{3EC35AC0-3326-418A-83AC-519408A14AA7}.Debug|Any CPU.Build.0 = Debug|Any CPU
		{3EC35AC0-3326-418A-83AC-519408A14AA7}.Release|Any CPU.ActiveCfg = Release|Any CPU
		{3EC35AC0-3326-418A-83AC-519408A14AA7}.Release|Any CPU.Build.0 = Release|Any CPU
	EndGlobalSection
	GlobalSection(SolutionProperties) = preSolution
		HideSolutionNode = FALSE
	EndGlobalSection
	GlobalSection(ExtensibilityGlobals) = postSolution
		SolutionGuid = {FC429AA2-98F3-434A-B7DA-5D90E2689C23}
	EndGlobalSection
EndGlobal
